<?xml version="1.0" encoding="UTF-8"?>
<CONFIG>
  <ProjectOptions>
    <Version Value="12"/>
    <PathDelim Value="\"/>
    <General>
      <SessionStorage Value="InProjectDir"/>
      <Title Value="Trayslate"/>
      <Scaled Value="True"/>
      <NSPrincipalClass Value="trayslate"/>
      <ResourceType Value="res"/>
      <UseXPManifest Value="True"/>
      <XPManifest>
        <DpiAware Value="True"/>
        <TextName Value="trayslate"/>
        <TextDesc Value=""/>
      </XPManifest>
      <Icon Value="0"/>
      <Resources Count="25">
        <Resource_0 FileName="locale\trayslate.en.po" Type="RCDATA" ResourceName="TRAYSLATE.EN"/>
        <Resource_1 FileName="locale\trayslate.ru.po" Type="RCDATA" ResourceName="TRAYSLATE.RU"/>
        <Resource_2 FileName="locale\trayslate.ar.po" Type="RCDATA" ResourceName="TRAYSLATE.AR"/>
        <Resource_3 FileName="locale\trayslate.be.po" Type="RCDATA" ResourceName="TRAYSLATE.BE"/>
        <Resource_4 FileName="locale\trayslate.cs.po" Type="RCDATA" ResourceName="TRAYSLATE.CS"/>
        <Resource_5 FileName="locale\trayslate.da.po" Type="RCDATA" ResourceName="TRAYSLATE.DA"/>
        <Resource_6 FileName="locale\trayslate.de.po" Type="RCDATA" ResourceName="TRAYSLATE.DE"/>
        <Resource_7 FileName="locale\trayslate.el.po" Type="RCDATA" ResourceName="TRAYSLATE.EL"/>
        <Resource_8 FileName="locale\trayslate.es.po" Type="RCDATA" ResourceName="TRAYSLATE.ES"/>
        <Resource_9 FileName="locale\trayslate.fi.po" Type="RCDATA" ResourceName="TRAYSLATE.FI"/>
        <Resource_10 FileName="locale\trayslate.fr.po" Type="RCDATA" ResourceName="TRAYSLATE.FR"/>
        <Resource_11 FileName="locale\trayslate.he.po" Type="RCDATA" ResourceName="TRAYSLATE.HE"/>
        <Resource_12 FileName="locale\trayslate.hi.po" Type="RCDATA" ResourceName="TRAYSLATE.HI"/>
        <Resource_13 FileName="locale\trayslate.id.po" Type="RCDATA" ResourceName="TRAYSLATE.ID"/>
        <Resource_14 FileName="locale\trayslate.it.po" Type="RCDATA" ResourceName="TRAYSLATE.IT"/>
        <Resource_15 FileName="locale\trayslate.ja.po" Type="RCDATA" ResourceName="TRAYSLATE.JA"/>
        <Resource_16 FileName="locale\trayslate.ko.po" Type="RCDATA" ResourceName="TRAYSLATE.KO"/>
        <Resource_17 FileName="locale\trayslate.nl.po" Type="RCDATA" ResourceName="TRAYSLATE.NL"/>
        <Resource_18 FileName="locale\trayslate.pl.po" Type="RCDATA" ResourceName="TRAYSLATE.PL"/>
        <Resource_19 FileName="locale\trayslate.pt.po" Type="RCDATA" ResourceName="TRAYSLATE.PT"/>
        <Resource_20 FileName="locale\trayslate.ro.po" Type="RCDATA" ResourceName="TRAYSLATE.RO"/>
        <Resource_21 FileName="locale\trayslate.sv.po" Type="RCDATA" ResourceName="TRAYSLATE.SV"/>
        <Resource_22 FileName="locale\trayslate.tr.po" Type="RCDATA" ResourceName="TRAYSLATE.TR"/>
        <Resource_23 FileName="locale\trayslate.uk.po" Type="RCDATA" ResourceName="TRAYSLATE.UK"/>
        <Resource_24 FileName="locale\trayslate.zh.po" Type="RCDATA" ResourceName="TRAYSLATE.ZH"/>
      </Resources>
    </General>
    <i18n>
      <EnableI18N Value="True"/>
      <OutDir Value="locale"/>
    </i18n>
    <VersionInfo>
      <UseVersionInfo Value="True"/>
      <MajorVersionNr Value="1"/>
      <StringTable CompanyName="plaintool" FileDescription="Trayslate" LegalCopyright="Alexander Tverskoy" ProductName="Trayslate" ProductVersion="1.0.0"/>
    </VersionInfo>
    <BuildModes>
      <Item Name="Debug" Default="True"/>
      <Item Name="Release">
        <CompilerOptions>
          <Version Value="11"/>
          <PathDelim Value="\"/>
          <Target>
            <Filename Value="trayslate"/>
          </Target>
          <SearchPaths>
            <IncludeFiles Value="$(ProjOutDir)"/>
            <OtherUnitFiles Value="forms;units;common"/>
            <UnitOutputDirectory Value="lib\$(TargetCPU)-$(TargetOS)"/>
          </SearchPaths>
          <CodeGeneration>
            <SmartLinkUnit Value="True"/>
            <Optimizations>
              <OptimizationLevel Value="3"/>
            </Optimizations>
          </CodeGeneration>
          <Linking>
            <Debugging>
              <GenerateDebugInfo Value="False"/>
              <RunWithoutDebug Value="True"/>
            </Debugging>
            <LinkSmart Value="True"/>
            <Options>
              <Win32>
                <GraphicApplication Value="True"/>
              </Win32>
            </Options>
          </Linking>
          <Other>
            <CompilerMessages>
              <IgnoredMessages idx5024="True"/>
            </CompilerMessages>
          </Other>
        </CompilerOptions>
      </Item>
    </BuildModes>
    <PublishOptions>
      <Version Value="2"/>
      <UseFileFilters Value="True"/>
    </PublishOptions>
    <RunParams>
      <FormatVersion Value="2"/>
    </RunParams>
    <RequiredPackages>
      <Item>
        <PackageName Value="lazmouseandkeyinput"/>
      </Item>
      <Item>
        <PackageName Value="LCL"/>
      </Item>
    </RequiredPackages>
    <Units>
      <Unit>
        <Filename Value="trayslate.lpr"/>
        <IsPartOfProject Value="True"/>
      </Unit>
      <Unit>
        <Filename Value="LICENSE"/>
        <IsPartOfProject Value="True"/>
      </Unit>
      <Unit>
        <Filename Value="THIRD_PARTIES"/>
        <IsPartOfProject Value="True"/>
      </Unit>
      <Unit>
        <Filename Value="forms\mainform.pas"/>
        <IsPartOfProject Value="True"/>
        <ComponentName Value="formTrayslate"/>
        <HasResources Value="True"/>
        <ResourceBaseClass Value="Form"/>
      </Unit>
      <Unit>
        <Filename Value="forms\formsettings.pas"/>
        <IsPartOfProject Value="True"/>
        <ComponentName Value="formSettingsTrayslate"/>
        <HasResources Value="True"/>
        <ResourceBaseClass Value="Form"/>
      </Unit>
      <Unit>
        <Filename Value="forms\formconfig.pas"/>
        <IsPartOfProject Value="True"/>
        <ComponentName Value="formConfigTrayslate"/>
        <HasResources Value="True"/>
        <ResourceBaseClass Value="Form"/>
      </Unit>
      <Unit>
        <Filename Value="forms\formdonate.pas"/>
        <IsPartOfProject Value="True"/>
        <ComponentName Value="formDonateTrayslate"/>
        <HasResources Value="True"/>
        <ResourceBaseClass Value="Form"/>
      </Unit>
      <Unit>
        <Filename Value="forms\formabout.pas"/>
        <IsPartOfProject Value="True"/>
        <ComponentName Value="formAboutTrayslate"/>
        <HasResources Value="True"/>
        <ResourceBaseClass Value="Form"/>
      </Unit>
      <Unit>
        <Filename Value="units\settings.pas"/>
        <IsPartOfProject Value="True"/>
      </Unit>
      <Unit>
        <Filename Value="units\langtool.pas"/>
        <IsPartOfProject Value="True"/>
      </Unit>
      <Unit>
        <Filename Value="units\formattool.pas"/>
        <IsPartOfProject Value="True"/>
      </Unit>
      <Unit>
        <Filename Value="units\systemtool.pas"/>
        <IsPartOfProject Value="True"/>
      </Unit>
      <Unit>
        <Filename Value="units\translate.pas"/>
        <IsPartOfProject Value="True"/>
      </Unit>
      <Unit>
        <Filename Value="units\languages.pas"/>
        <IsPartOfProject Value="True"/>
      </Unit>
      <Unit>
        <Filename Value="common\udarkstyle.pas"/>
        <IsPartOfProject Value="True"/>
        <UnitName Value="uDarkStyle"/>
      </Unit>
      <Unit>
        <Filename Value="common\uimport.pas"/>
        <IsPartOfProject Value="True"/>
        <UnitName Value="uImport"/>
      </Unit>
      <Unit>
        <Filename Value="common\uwin32widgetsetdark.pas"/>
        <IsPartOfProject Value="True"/>
        <UnitName Value="uWin32WidgetSetDark"/>
      </Unit>
    </Units>
  </ProjectOptions>
  <CompilerOptions>
    <Version Value="11"/>
    <PathDelim Value="\"/>
    <Target>
      <Filename Value="trayslate"/>
    </Target>
    <SearchPaths>
      <IncludeFiles Value="$(ProjOutDir)"/>
      <OtherUnitFiles Value="forms;units;common"/>
      <UnitOutputDirectory Value="lib\$(TargetCPU)-$(TargetOS)"/>
    </SearchPaths>
    <Parsing>
      <SyntaxOptions>
        <IncludeAssertionCode Value="True"/>
      </SyntaxOptions>
    </Parsing>
    <CodeGeneration>
      <Checks>
        <IOChecks Value="True"/>
        <RangeChecks Value="True"/>
        <OverflowChecks Value="True"/>
        <StackChecks Value="True"/>
      </Checks>
    </CodeGeneration>
    <Linking>
      <Debugging>
        <DebugInfoType Value="dsDwarf3"/>
        <TrashVariables Value="True"/>
        <UseExternalDbgSyms Value="True"/>
      </Debugging>
      <Options>
        <Win32>
          <GraphicApplication Value="True"/>
        </Win32>
      </Options>
    </Linking>
    <Other>
      <CompilerMessages>
        <IgnoredMessages idx5024="True"/>
      </CompilerMessages>
    </Other>
  </CompilerOptions>
  <Debugging>
    <Exceptions>
      <Item>
        <Name Value="EAbort"/>
      </Item>
      <Item>
        <Name Value="ECodetoolError"/>
      </Item>
      <Item>
        <Name Value="EFOpenError"/>
      </Item>
    </Exceptions>
  </Debugging>
</CONFIG>
